
Microsoft Visual Studio Solution File, Format Version 12.00
# Visual Studio 14
VisualStudioVersion = 14.0.25420.1
MinimumVisualStudioVersion = 10.0.40219.1
Project("{FAE04EC0-301F-11D3-BF4B-00C04F79EFBC}") = "Lommer", "Lommer\Lommer.csproj", "{C46EE08D-2327-4EF6-8393-B7ECE9ADD89D}"
EndProject
Global
	GlobalSection(SolutionConfigurationPlatforms) = preSolution
		Debug|Any CPU = Debug|Any CPU
		Release|Any CPU = Release|Any CPU
	EndGlobalSection
	GlobalSection(ProjectConfigurationPlatforms) = postSolution
		{C46EE08D-2327-4EF6-8393-B7ECE9ADD89D}.Debug|Any CPU.ActiveCfg = Debug|Any CPU
		{C46EE08D-2327-4EF6-8393-B7ECE9ADD89D}.Debug|Any CPU.Build.0 = Debug|Any CPU
		{C46EE08D-2327-4EF6-8393-B7ECE9ADD89D}.Release|Any CPU.ActiveCfg = Release|Any CPU
		{C46EE08D-2327-4EF6-8393-B7ECE9ADD89D}.Release|Any CPU.Build.0 = Release|Any CPU
	EndGlobalSection
	GlobalSection(SolutionProperties) = preSolution
		HideSolutionNode = FALSE
	EndGlobalSection
EndGlobal
